// !$*UTF8*$!
{
	archiveVersion = 1;
	classes = {
	};
	objectVersion = 50;
	objects = {

/* Begin PBXBuildFile section */
		4908393C20C6176500338C5F /* 20180605_01.c in Sources */ = {isa = PBXBuildFile; fileRef = 4908393B20C6176500338C5F /* 20180605_01.c */; };
		4908393E20C61B0E00338C5F /* sample.txt in Sources */ = {isa = PBXBuildFile; fileRef = 4908393D20C61B0E00338C5F /* sample.txt */; };
		4908394120CF53D700338C5F /* a.c in Sources */ = {isa = PBXBuildFile; fileRef = 4908394020CF53D700338C5F /* a.c */; };
		4908394320CF549F00338C5F /* b.c in Sources */ = {isa = PBXBuildFile; fileRef = 4908394220CF549F00338C5F /* b.c */; };
		493EF35220D3CC8F00FA06D4 /* SKReport1Main.c in Sources */ = {isa = PBXBuildFile; fileRef = 493EF35120D3CC8F00FA06D4 /* SKReport1Main.c */; };
		493EF35520D3CD5B00FA06D4 /* Matricx.c in Sources */ = {isa = PBXBuildFile; fileRef = 493EF35420D3CD5B00FA06D4 /* Matricx.c */; };
		493EF35720D3D23800FA06D4 /* sample.c in Sources */ = {isa = PBXBuildFile; fileRef = 493EF35620D3D23800FA06D4 /* sample.c */; };
		494F766B20BCE0680055B9AA /* sub_main.c in Sources */ = {isa = PBXBuildFile; fileRef = 494F766A20BCE0680055B9AA /* sub_main.c */; };
		49FBC7C120BCFC6900710B33 /* 20180529main.c in Sources */ = {isa = PBXBuildFile; fileRef = 49FBC7C020BCFC6900710B33 /* 20180529main.c */; };
/* End PBXBuildFile section */

/* Begin PBXCopyFilesBuildPhase section */
		494F766520BCE0680055B9AA /* CopyFiles */ = {
			isa = PBXCopyFilesBuildPhase;
			buildActionMask = 2147483647;
			dstPath = /usr/share/man/man1/;
			dstSubfolderSpec = 0;
			files = (
			);
			runOnlyForDeploymentPostprocessing = 1;
		};
/* End PBXCopyFilesBuildPhase section */

/* Begin PBXFileReference section */
		4908393B20C6176500338C5F /* 20180605_01.c */ = {isa = PBXFileReference; lastKnownFileType = sourcecode.c.c; path = 20180605_01.c; sourceTree = "<group>"; };
		4908393D20C61B0E00338C5F /* sample.txt */ = {isa = PBXFileReference; lastKnownFileType = text; path = sample.txt; sourceTree = "<group>"; };
		4908394020CF53D700338C5F /* a.c */ = {isa = PBXFileReference; lastKnownFileType = sourcecode.c.c; path = a.c; sourceTree = "<group>"; };
		4908394220CF549F00338C5F /* b.c */ = {isa = PBXFileReference; lastKnownFileType = sourcecode.c.c; path = b.c; sourceTree = "<group>"; };
		493EF35120D3CC8F00FA06D4 /* SKReport1Main.c */ = {isa = PBXFileReference; lastKnownFileType = sourcecode.c.c; path = SKReport1Main.c; sourceTree = "<group>"; };
		493EF35320D3CD5B00FA06D4 /* Matricx.h */ = {isa = PBXFileReference; lastKnownFileType = sourcecode.c.h; path = Matricx.h; sourceTree = "<group>"; };
		493EF35420D3CD5B00FA06D4 /* Matricx.c */ = {isa = PBXFileReference; lastKnownFileType = sourcecode.c.c; path = Matricx.c; sourceTree = "<group>"; };
		493EF35620D3D23800FA06D4 /* sample.c */ = {isa = PBXFileReference; lastKnownFileType = sourcecode.c.c; path = sample.c; sourceTree = "<group>"; };
		494F766720BCE0680055B9AA /* School */ = {isa = PBXFileReference; explicitFileType = "compiled.mach-o.executable"; includeInIndex = 0; path = School; sourceTree = BUILT_PRODUCTS_DIR; };
		494F766A20BCE0680055B9AA /* sub_main.c */ = {isa = PBXFileReference; lastKnownFileType = sourcecode.c.c; path = sub_main.c; sourceTree = "<group>"; };
		49FBC7C020BCFC6900710B33 /* 20180529main.c */ = {isa = PBXFileReference; fileEncoding = 4; lastKnownFileType = sourcecode.c.c; path = 20180529main.c; sourceTree = "<group>"; };
/* End PBXFileReference section */

/* Begin PBXFrameworksBuildPhase section */
		494F766420BCE0680055B9AA /* Frameworks */ = {
			isa = PBXFrameworksBuildPhase;
			buildActionMask = 2147483647;
			files = (
			);
			runOnlyForDeploymentPostprocessing = 0;
		};
/* End PBXFrameworksBuildPhase section */

/* Begin PBXGroup section */
		4908393820C616FE00338C5F /* 20180529 */ = {
			isa = PBXGroup;
			children = (
				49FBC7C020BCFC6900710B33 /* 20180529main.c */,
				494F766A20BCE0680055B9AA /* sub_main.c */,
			);
			path = 20180529;
			sourceTree = "<group>";
		};
		4908393920C6172400338C5F /* 20180605 */ = {
			isa = PBXGroup;
			children = (
				4908393B20C6176500338C5F /* 20180605_01.c */,
				4908393D20C61B0E00338C5F /* sample.txt */,
			);
			path = 20180605;
			sourceTree = "<group>";
		};
		4908393F20CF53BA00338C5F /* 20180612 */ = {
			isa = PBXGroup;
			children = (
				4908394020CF53D700338C5F /* a.c */,
				4908394220CF549F00338C5F /* b.c */,
			);
			path = 20180612;
			sourceTree = "<group>";
		};
		493EF34E20D3CC0B00FA06D4 /* プログラミング基礎pk */ = {
			isa = PBXGroup;
			children = (
				4908393F20CF53BA00338C5F /* 20180612 */,
				4908393920C6172400338C5F /* 20180605 */,
				4908393820C616FE00338C5F /* 20180529 */,
			);
			name = "プログラミング基礎pk";
			path = "プログラミング基礎";
			sourceTree = "<group>";
		};
		493EF34F20D3CC2200FA06D4 /* 数値解析sk */ = {
			isa = PBXGroup;
			children = (
				493EF35020D3CC3000FA06D4 /* report 1 */,
			);
			path = "数値解析sk";
			sourceTree = "<group>";
		};
		493EF35020D3CC3000FA06D4 /* report 1 */ = {
			isa = PBXGroup;
			children = (
				493EF35120D3CC8F00FA06D4 /* SKReport1Main.c */,
				493EF35320D3CD5B00FA06D4 /* Matricx.h */,
				493EF35420D3CD5B00FA06D4 /* Matricx.c */,
				493EF35620D3D23800FA06D4 /* sample.c */,
			);
			path = "report 1";
			sourceTree = "<group>";
		};
		494F765E20BCE0680055B9AA = {
			isa = PBXGroup;
			children = (
				494F766920BCE0680055B9AA /* School */,
				494F766820BCE0680055B9AA /* Products */,
			);
			sourceTree = "<group>";
		};
		494F766820BCE0680055B9AA /* Products */ = {
			isa = PBXGroup;
			children = (
				494F766720BCE0680055B9AA /* School */,
			);
			name = Products;
			sourceTree = "<group>";
		};
		494F766920BCE0680055B9AA /* School */ = {
			isa = PBXGroup;
			children = (
				493EF34F20D3CC2200FA06D4 /* 数値解析sk */,
				493EF34E20D3CC0B00FA06D4 /* プログラミング基礎pk */,
			);
			path = School;
			sourceTree = "<group>";
		};
/* End PBXGroup section */

/* Begin PBXNativeTarget section */
		494F766620BCE0680055B9AA /* School */ = {
			isa = PBXNativeTarget;
			buildConfigurationList = 494F766E20BCE0680055B9AA /* Build configuration list for PBXNativeTarget "School" */;
			buildPhases = (
				494F766320BCE0680055B9AA /* Sources */,
				494F766420BCE0680055B9AA /* Frameworks */,
				494F766520BCE0680055B9AA /* CopyFiles */,
			);
			buildRules = (
			);
			dependencies = (
			);
			name = School;
			productName = School;
			productReference = 494F766720BCE0680055B9AA /* School */;
			productType = "com.apple.product-type.tool";
		};
/* End PBXNativeTarget section */

/* Begin PBXProject section */
		494F765F20BCE0680055B9AA /* Project object */ = {
			isa = PBXProject;
			attributes = {
				LastUpgradeCheck = 0930;
				ORGANIZATIONNAME = "徐伟达";
				TargetAttributes = {
					494F766620BCE0680055B9AA = {
						CreatedOnToolsVersion = 9.3;
					};
				};
			};
			buildConfigurationList = 494F766220BCE0680055B9AA /* Build configuration list for PBXProject "School" */;
			compatibilityVersion = "Xcode 9.3";
			developmentRegion = en;
			hasScannedForEncodings = 0;
			knownRegions = (
				en,
			);
			mainGroup = 494F765E20BCE0680055B9AA;
			productRefGroup = 494F766820BCE0680055B9AA /* Products */;
			projectDirPath = "";
			projectRoot = "";
			targets = (
				494F766620BCE0680055B9AA /* School */,
			);
		};
/* End PBXProject section */

/* Begin PBXSourcesBuildPhase section */
		494F766320BCE0680055B9AA /* Sources */ = {
			isa = PBXSourcesBuildPhase;
			buildActionMask = 2147483647;
			files = (
				493EF35720D3D23800FA06D4 /* sample.c in Sources */,
				4908394320CF549F00338C5F /* b.c in Sources */,
				49FBC7C120BCFC6900710B33 /* 20180529main.c in Sources */,
				493EF35520D3CD5B00FA06D4 /* Matricx.c in Sources */,
				4908393C20C6176500338C5F /* 20180605_01.c in Sources */,
				4908394120CF53D700338C5F /* a.c in Sources */,
				494F766B20BCE0680055B9AA /* sub_main.c in Sources */,
				493EF35220D3CC8F00FA06D4 /* SKReport1Main.c in Sources */,
				4908393E20C61B0E00338C5F /* sample.txt in Sources */,
			);
			runOnlyForDeploymentPostprocessing = 0;
		};
/* End PBXSourcesBuildPhase section */

/* Begin XCBuildConfiguration section */
		494F766C20BCE0680055B9AA /* Debug */ = {
			isa = XCBuildConfiguration;
			buildSettings = {
				ALWAYS_SEARCH_USER_PATHS = NO;
				CLANG_ANALYZER_NONNULL = YES;
				CLANG_ANALYZER_NUMBER_OBJECT_CONVERSION = YES_AGGRESSIVE;
				CLANG_CXX_LANGUAGE_STANDARD = "gnu++14";
				CLANG_CXX_LIBRARY = "libc++";
				CLANG_ENABLE_MODULES = YES;
				CLANG_ENABLE_OBJC_ARC = YES;
				CLANG_ENABLE_OBJC_WEAK = YES;
				CLANG_WARN_BLOCK_CAPTURE_AUTORELEASING = YES;
				CLANG_WARN_BOOL_CONVERSION = YES;
				CLANG_WARN_COMMA = YES;
				CLANG_WARN_CONSTANT_CONVERSION = YES;
				CLANG_WARN_DEPRECATED_OBJC_IMPLEMENTATIONS = YES;
				CLANG_WARN_DIRECT_OBJC_ISA_USAGE = YES_ERROR;
				CLANG_WARN_DOCUMENTATION_COMMENTS = YES;
				CLANG_WARN_EMPTY_BODY = YES;
				CLANG_WARN_ENUM_CONVERSION = YES;
				CLANG_WARN_INFINITE_RECURSION = YES;
				CLANG_WARN_INT_CONVERSION = YES;
				CLANG_WARN_NON_LITERAL_NULL_CONVERSION = YES;
				CLANG_WARN_OBJC_IMPLICIT_RETAIN_SELF = YES;
				CLANG_WARN_OBJC_LITERAL_CONVERSION = YES;
				CLANG_WARN_OBJC_ROOT_CLASS = YES_ERROR;
				CLANG_WARN_RANGE_LOOP_ANALYSIS = YES;
				CLANG_WARN_STRICT_PROTOTYPES = YES;
				CLANG_WARN_SUSPICIOUS_MOVE = YES;
				CLANG_WARN_UNGUARDED_AVAILABILITY = YES_AGGRESSIVE;
				CLANG_WARN_UNREACHABLE_CODE = YES;
				CLANG_WARN__DUPLICATE_METHOD_MATCH = YES;
				CODE_SIGN_IDENTITY = "-";
				COPY_PHASE_STRIP = NO;
				DEBUG_INFORMATION_FORMAT = dwarf;
				ENABLE_STRICT_OBJC_MSGSEND = YES;
				ENABLE_TESTABILITY = YES;
				GCC_C_LANGUAGE_STANDARD = gnu11;
				GCC_DYNAMIC_NO_PIC = NO;
				GCC_NO_COMMON_BLOCKS = YES;
				GCC_OPTIMIZATION_LEVEL = 0;
				GCC_PREPROCESSOR_DEFINITIONS = (
					"DEBUG=1",
					"$(inherited)",
				);
				GCC_WARN_64_TO_32_BIT_CONVERSION = YES;
				GCC_WARN_ABOUT_RETURN_TYPE = YES_ERROR;
				GCC_WARN_UNDECLARED_SELECTOR = YES;
				GCC_WARN_UNINITIALIZED_AUTOS = YES_AGGRESSIVE;
				GCC_WARN_UNUSED_FUNCTION = YES;
				GCC_WARN_UNUSED_VARIABLE = YES;
				MACOSX_DEPLOYMENT_TARGET = 10.13;
				MTL_ENABLE_DEBUG_INFO = YES;
				ONLY_ACTIVE_ARCH = YES;
				SDKROOT = macosx;
			};
			name = Debug;
		};
		494F766D20BCE0680055B9AA /* Release */ = {
			isa = XCBuildConfiguration;
			buildSettings = {
				ALWAYS_SEARCH_USER_PATHS = NO;
				CLANG_ANALYZER_NONNULL = YES;
				CLANG_ANALYZER_NUMBER_OBJECT_CONVERSION = YES_AGGRESSIVE;
				CLANG_CXX_LANGUAGE_STANDARD = "gnu++14";
				CLANG_CXX_LIBRARY = "libc++";
				CLANG_ENABLE_MODULES = YES;
				CLANG_ENABLE_OBJC_ARC = YES;
				CLANG_ENABLE_OBJC_WEAK = YES;
				CLANG_WARN_BLOCK_CAPTURE_AUTORELEASING = YES;
				CLANG_WARN_BOOL_CONVERSION = YES;
				CLANG_WARN_COMMA = YES;
				CLANG_WARN_CONSTANT_CONVERSION = YES;
				CLANG_WARN_DEPRECATED_OBJC_IMPLEMENTATIONS = YES;
				CLANG_WARN_DIRECT_OBJC_ISA_USAGE = YES_ERROR;
				CLANG_WARN_DOCUMENTATION_COMMENTS = YES;
				CLANG_WARN_EMPTY_BODY = YES;
				CLANG_WARN_ENUM_CONVERSION = YES;
				CLANG_WARN_INFINITE_RECURSION = YES;
				CLANG_WARN_INT_CONVERSION = YES;
				CLANG_WARN_NON_LITERAL_NULL_CONVERSION = YES;
				CLANG_WARN_OBJC_IMPLICIT_RETAIN_SELF = YES;
				CLANG_WARN_OBJC_LITERAL_CONVERSION = YES;
				CLANG_WARN_OBJC_ROOT_CLASS = YES_ERROR;
				CLANG_WARN_RANGE_LOOP_ANALYSIS = YES;
				CLANG_WARN_STRICT_PROTOTYPES = YES;
				CLANG_WARN_SUSPICIOUS_MOVE = YES;
				CLANG_WARN_UNGUARDED_AVAILABILITY = YES_AGGRESSIVE;
				CLANG_WARN_UNREACHABLE_CODE = YES;
				CLANG_WARN__DUPLICATE_METHOD_MATCH = YES;
				CODE_SIGN_IDENTITY = "-";
				COPY_PHASE_STRIP = NO;
				DEBUG_INFORMATION_FORMAT = "dwarf-with-dsym";
				ENABLE_NS_ASSERTIONS = NO;
				ENABLE_STRICT_OBJC_MSGSEND = YES;
				GCC_C_LANGUAGE_STANDARD = gnu11;
				GCC_NO_COMMON_BLOCKS = YES;
				GCC_WARN_64_TO_32_BIT_CONVERSION = YES;
				GCC_WARN_ABOUT_RETURN_TYPE = YES_ERROR;
				GCC_WARN_UNDECLARED_SELECTOR = YES;
				GCC_WARN_UNINITIALIZED_AUTOS = YES_AGGRESSIVE;
				GCC_WARN_UNUSED_FUNCTION = YES;
				GCC_WARN_UNUSED_VARIABLE = YES;
				MACOSX_DEPLOYMENT_TARGET = 10.13;
				MTL_ENABLE_DEBUG_INFO = NO;
				SDKROOT = macosx;
			};
			name = Release;
		};
		494F766F20BCE0680055B9AA /* Debug */ = {
			isa = XCBuildConfiguration;
			buildSettings = {
				CODE_SIGN_STYLE = Automatic;
				PRODUCT_NAME = "$(TARGET_NAME)";
			};
			name = Debug;
		};
		494F767020BCE0680055B9AA /* Release */ = {
			isa = XCBuildConfiguration;
			buildSettings = {
				CODE_SIGN_STYLE = Automatic;
				PRODUCT_NAME = "$(TARGET_NAME)";
			};
			name = Release;
		};
/* End XCBuildConfiguration section */

/* Begin XCConfigurationList section */
		494F766220BCE0680055B9AA /* Build configuration list for PBXProject "School" */ = {
			isa = XCConfigurationList;
			buildConfigurations = (
				494F766C20BCE0680055B9AA /* Debug */,
				494F766D20BCE0680055B9AA /* Release */,
			);
			defaultConfigurationIsVisible = 0;
			defaultConfigurationName = Release;
		};
		494F766E20BCE0680055B9AA /* Build configuration list for PBXNativeTarget "School" */ = {
			isa = XCConfigurationList;
			buildConfigurations = (
				494F766F20BCE0680055B9AA /* Debug */,
				494F767020BCE0680055B9AA /* Release */,
			);
			defaultConfigurationIsVisible = 0;
			defaultConfigurationName = Release;
		};
/* End XCConfigurationList section */
	};
	rootObject = 494F765F20BCE0680055B9AA /* Project object */;
}
