// !$*UTF8*$!
{
	archiveVersion = 1;
	classes = {
	};
	objectVersion = 46;
	objects = {

/* Begin PBXBuildFile section */
		49072BB7200A956D00B6EC22 /* S2_Recursion.c in Sources */ = {isa = PBXBuildFile; fileRef = 49072BB6200A956D00B6EC22 /* S2_Recursion.c */; };
		49072BBA200BDAA500B6EC22 /* S4_Stack.c in Sources */ = {isa = PBXBuildFile; fileRef = 49072BB9200BDAA500B6EC22 /* S4_Stack.c */; };
		490A6DC41EF5B5F00064A1C9 /* Bool.c in Sources */ = {isa = PBXBuildFile; fileRef = 490A6DC21EF5B5F00064A1C9 /* Bool.c */; };
		490A6DCB1EF5C6660064A1C9 /* MemorySet.c in Sources */ = {isa = PBXBuildFile; fileRef = 490A6DC91EF5C6660064A1C9 /* MemorySet.c */; };
		490A6DD01EF5CCF10064A1C9 /* Search.c in Sources */ = {isa = PBXBuildFile; fileRef = 490A6DCE1EF5CCF10064A1C9 /* Search.c */; };
		490A6DD31EF5CE990064A1C9 /* AlgorithmSelector.c in Sources */ = {isa = PBXBuildFile; fileRef = 490A6DD11EF5CE990064A1C9 /* AlgorithmSelector.c */; };
		490A6DD71EF5EB820064A1C9 /* List.c in Sources */ = {isa = PBXBuildFile; fileRef = 490A6DD51EF5EB820064A1C9 /* List.c */; };
		490A6DDB1EF610430064A1C9 /* Tree.c in Sources */ = {isa = PBXBuildFile; fileRef = 490A6DD91EF610430064A1C9 /* Tree.c */; };
		490A6DF81EF6E0B90064A1C9 /* Hash.c in Sources */ = {isa = PBXBuildFile; fileRef = 490A6DF61EF6E0B90064A1C9 /* Hash.c */; };
		490A6DFC1EF7089B0064A1C9 /* SampleDataStruct.c in Sources */ = {isa = PBXBuildFile; fileRef = 490A6DFA1EF7089B0064A1C9 /* SampleDataStruct.c */; };
		490A6DFF1EF726540064A1C9 /* String.c in Sources */ = {isa = PBXBuildFile; fileRef = 490A6DFD1EF726540064A1C9 /* String.c */; };
		4936A2A41F09CF9A0043EC29 /* Recurse.c in Sources */ = {isa = PBXBuildFile; fileRef = 4936A2A21F09CF9A0043EC29 /* Recurse.c */; };
		4936A2AB1F0BEA100043EC29 /* Sort.c in Sources */ = {isa = PBXBuildFile; fileRef = 4936A2A91F0BEA100043EC29 /* Sort.c */; };
		4940AFCA1F02E2400044BC3E /* Hash_OpenAdressing.c in Sources */ = {isa = PBXBuildFile; fileRef = 4940AFC81F02E2400044BC3E /* Hash_OpenAdressing.c */; };
		4940AFCE1F02EA3B0044BC3E /* Stack.c in Sources */ = {isa = PBXBuildFile; fileRef = 4940AFCC1F02EA3B0044BC3E /* Stack.c */; };
		4940AFD21F040A220044BC3E /* LoadData.c in Sources */ = {isa = PBXBuildFile; fileRef = 4940AFD01F040A220044BC3E /* LoadData.c */; };
		4940AFD51F043A310044BC3E /* Queue.c in Sources */ = {isa = PBXBuildFile; fileRef = 4940AFD31F043A310044BC3E /* Queue.c */; };
		49791D691EF4485A00355A29 /* main.c in Sources */ = {isa = PBXBuildFile; fileRef = 49791D681EF4485A00355A29 /* main.c */; };
		49791D791EF44CDF00355A29 /* test.c in Sources */ = {isa = PBXBuildFile; fileRef = 49791D771EF44CDF00355A29 /* test.c */; };
		49CA0F2C1EF5250F006F0A71 /* Basic.c in Sources */ = {isa = PBXBuildFile; fileRef = 49CA0F2A1EF5250F006F0A71 /* Basic.c */; };
		49CCF2961FF20670005E7119 /* AlgorithmPro.c in Sources */ = {isa = PBXBuildFile; fileRef = 49CCF2951FF20670005E7119 /* AlgorithmPro.c */; };
		49CCF29A1FF21474005E7119 /* S3_List.c in Sources */ = {isa = PBXBuildFile; fileRef = 49CCF2991FF21474005E7119 /* S3_List.c */; };
/* End PBXBuildFile section */

/* Begin PBXCopyFilesBuildPhase section */
		49791D631EF4485A00355A29 /* CopyFiles */ = {
			isa = PBXCopyFilesBuildPhase;
			buildActionMask = 2147483647;
			dstPath = /usr/share/man/man1/;
			dstSubfolderSpec = 0;
			files = (
			);
			runOnlyForDeploymentPostprocessing = 1;
		};
/* End PBXCopyFilesBuildPhase section */

/* Begin PBXFileReference section */
		49072BB5200A956D00B6EC22 /* S2_Recursion.h */ = {isa = PBXFileReference; lastKnownFileType = sourcecode.c.h; path = S2_Recursion.h; sourceTree = "<group>"; };
		49072BB6200A956D00B6EC22 /* S2_Recursion.c */ = {isa = PBXFileReference; lastKnownFileType = sourcecode.c.c; path = S2_Recursion.c; sourceTree = "<group>"; };
		49072BB8200BDAA500B6EC22 /* S4_Stack.h */ = {isa = PBXFileReference; lastKnownFileType = sourcecode.c.h; path = S4_Stack.h; sourceTree = "<group>"; };
		49072BB9200BDAA500B6EC22 /* S4_Stack.c */ = {isa = PBXFileReference; lastKnownFileType = sourcecode.c.c; path = S4_Stack.c; sourceTree = "<group>"; };
		490A6DC21EF5B5F00064A1C9 /* Bool.c */ = {isa = PBXFileReference; fileEncoding = 4; lastKnownFileType = sourcecode.c.c; path = Bool.c; sourceTree = "<group>"; };
		490A6DC31EF5B5F00064A1C9 /* Bool.h */ = {isa = PBXFileReference; fileEncoding = 4; lastKnownFileType = sourcecode.c.h; path = Bool.h; sourceTree = "<group>"; };
		490A6DC91EF5C6660064A1C9 /* MemorySet.c */ = {isa = PBXFileReference; fileEncoding = 4; lastKnownFileType = sourcecode.c.c; path = MemorySet.c; sourceTree = "<group>"; };
		490A6DCA1EF5C6660064A1C9 /* MemorySet.h */ = {isa = PBXFileReference; fileEncoding = 4; lastKnownFileType = sourcecode.c.h; path = MemorySet.h; sourceTree = "<group>"; };
		490A6DCE1EF5CCF10064A1C9 /* Search.c */ = {isa = PBXFileReference; fileEncoding = 4; lastKnownFileType = sourcecode.c.c; name = Search.c; path = Search/Search.c; sourceTree = "<group>"; };
		490A6DCF1EF5CCF10064A1C9 /* Search.h */ = {isa = PBXFileReference; fileEncoding = 4; lastKnownFileType = sourcecode.c.h; name = Search.h; path = Search/Search.h; sourceTree = "<group>"; };
		490A6DD11EF5CE990064A1C9 /* AlgorithmSelector.c */ = {isa = PBXFileReference; fileEncoding = 4; lastKnownFileType = sourcecode.c.c; path = AlgorithmSelector.c; sourceTree = "<group>"; };
		490A6DD21EF5CE990064A1C9 /* AlgorithmSelector.h */ = {isa = PBXFileReference; fileEncoding = 4; lastKnownFileType = sourcecode.c.h; path = AlgorithmSelector.h; sourceTree = "<group>"; };
		490A6DD51EF5EB820064A1C9 /* List.c */ = {isa = PBXFileReference; fileEncoding = 4; lastKnownFileType = sourcecode.c.c; path = List.c; sourceTree = "<group>"; };
		490A6DD61EF5EB820064A1C9 /* List.h */ = {isa = PBXFileReference; fileEncoding = 4; lastKnownFileType = sourcecode.c.h; path = List.h; sourceTree = "<group>"; };
		490A6DD91EF610430064A1C9 /* Tree.c */ = {isa = PBXFileReference; fileEncoding = 4; lastKnownFileType = sourcecode.c.c; path = Tree.c; sourceTree = "<group>"; };
		490A6DDA1EF610430064A1C9 /* Tree.h */ = {isa = PBXFileReference; fileEncoding = 4; lastKnownFileType = sourcecode.c.h; path = Tree.h; sourceTree = "<group>"; };
		490A6DF61EF6E0B90064A1C9 /* Hash.c */ = {isa = PBXFileReference; fileEncoding = 4; lastKnownFileType = sourcecode.c.c; name = Hash.c; path = Search/Hash.c; sourceTree = "<group>"; };
		490A6DF71EF6E0B90064A1C9 /* Hash.h */ = {isa = PBXFileReference; fileEncoding = 4; lastKnownFileType = sourcecode.c.h; name = Hash.h; path = Search/Hash.h; sourceTree = "<group>"; };
		490A6DFA1EF7089B0064A1C9 /* SampleDataStruct.c */ = {isa = PBXFileReference; fileEncoding = 4; lastKnownFileType = sourcecode.c.c; path = SampleDataStruct.c; sourceTree = "<group>"; };
		490A6DFB1EF7089B0064A1C9 /* SampleDataStruct.h */ = {isa = PBXFileReference; fileEncoding = 4; lastKnownFileType = sourcecode.c.h; path = SampleDataStruct.h; sourceTree = "<group>"; };
		490A6DFD1EF726540064A1C9 /* String.c */ = {isa = PBXFileReference; fileEncoding = 4; lastKnownFileType = sourcecode.c.c; name = String.c; path = "Basic Review/Session/Type/String.c"; sourceTree = SOURCE_ROOT; };
		490A6DFE1EF726540064A1C9 /* String.h */ = {isa = PBXFileReference; fileEncoding = 4; lastKnownFileType = sourcecode.c.h; name = String.h; path = "Basic Review/Session/Type/String.h"; sourceTree = SOURCE_ROOT; };
		4936A2A21F09CF9A0043EC29 /* Recurse.c */ = {isa = PBXFileReference; fileEncoding = 4; lastKnownFileType = sourcecode.c.c; path = Recurse.c; sourceTree = "<group>"; };
		4936A2A31F09CF9A0043EC29 /* Recurse.h */ = {isa = PBXFileReference; fileEncoding = 4; lastKnownFileType = sourcecode.c.h; path = Recurse.h; sourceTree = "<group>"; };
		4936A2A91F0BEA100043EC29 /* Sort.c */ = {isa = PBXFileReference; fileEncoding = 4; lastKnownFileType = sourcecode.c.c; path = Sort.c; sourceTree = "<group>"; };
		4936A2AA1F0BEA100043EC29 /* Sort.h */ = {isa = PBXFileReference; fileEncoding = 4; lastKnownFileType = sourcecode.c.h; path = Sort.h; sourceTree = "<group>"; };
		4940AFC81F02E2400044BC3E /* Hash_OpenAdressing.c */ = {isa = PBXFileReference; fileEncoding = 4; lastKnownFileType = sourcecode.c.c; name = Hash_OpenAdressing.c; path = Search/Hash_OpenAdressing.c; sourceTree = "<group>"; };
		4940AFC91F02E2400044BC3E /* Hash_OpenAdressing.h */ = {isa = PBXFileReference; fileEncoding = 4; lastKnownFileType = sourcecode.c.h; name = Hash_OpenAdressing.h; path = Search/Hash_OpenAdressing.h; sourceTree = "<group>"; };
		4940AFCC1F02EA3B0044BC3E /* Stack.c */ = {isa = PBXFileReference; fileEncoding = 4; lastKnownFileType = sourcecode.c.c; path = Stack.c; sourceTree = "<group>"; };
		4940AFCD1F02EA3B0044BC3E /* Stack.h */ = {isa = PBXFileReference; fileEncoding = 4; lastKnownFileType = sourcecode.c.h; path = Stack.h; sourceTree = "<group>"; };
		4940AFD01F040A220044BC3E /* LoadData.c */ = {isa = PBXFileReference; fileEncoding = 4; lastKnownFileType = sourcecode.c.c; path = LoadData.c; sourceTree = "<group>"; };
		4940AFD11F040A220044BC3E /* LoadData.h */ = {isa = PBXFileReference; fileEncoding = 4; lastKnownFileType = sourcecode.c.h; path = LoadData.h; sourceTree = "<group>"; };
		4940AFD31F043A310044BC3E /* Queue.c */ = {isa = PBXFileReference; fileEncoding = 4; lastKnownFileType = sourcecode.c.c; path = Queue.c; sourceTree = "<group>"; };
		4940AFD41F043A310044BC3E /* Queue.h */ = {isa = PBXFileReference; fileEncoding = 4; lastKnownFileType = sourcecode.c.h; path = Queue.h; sourceTree = "<group>"; };
		49791D651EF4485A00355A29 /* Basic Review */ = {isa = PBXFileReference; explicitFileType = "compiled.mach-o.executable"; includeInIndex = 0; path = "Basic Review"; sourceTree = BUILT_PRODUCTS_DIR; };
		49791D681EF4485A00355A29 /* main.c */ = {isa = PBXFileReference; lastKnownFileType = sourcecode.c.c; path = main.c; sourceTree = "<group>"; };
		49791D771EF44CDF00355A29 /* test.c */ = {isa = PBXFileReference; fileEncoding = 4; lastKnownFileType = sourcecode.c.c; path = test.c; sourceTree = "<group>"; };
		49791D781EF44CDF00355A29 /* test.h */ = {isa = PBXFileReference; fileEncoding = 4; lastKnownFileType = sourcecode.c.h; path = test.h; sourceTree = "<group>"; };
		49CA0F2A1EF5250F006F0A71 /* Basic.c */ = {isa = PBXFileReference; fileEncoding = 4; lastKnownFileType = sourcecode.c.c; path = Basic.c; sourceTree = "<group>"; };
		49CA0F2B1EF5250F006F0A71 /* Basic.h */ = {isa = PBXFileReference; fileEncoding = 4; lastKnownFileType = sourcecode.c.h; path = Basic.h; sourceTree = "<group>"; };
		49CCF2941FF20670005E7119 /* AlgorithmPro.h */ = {isa = PBXFileReference; lastKnownFileType = sourcecode.c.h; path = AlgorithmPro.h; sourceTree = "<group>"; };
		49CCF2951FF20670005E7119 /* AlgorithmPro.c */ = {isa = PBXFileReference; lastKnownFileType = sourcecode.c.c; path = AlgorithmPro.c; sourceTree = "<group>"; };
		49CCF2981FF21474005E7119 /* S3_List.h */ = {isa = PBXFileReference; lastKnownFileType = sourcecode.c.h; path = S3_List.h; sourceTree = "<group>"; };
		49CCF2991FF21474005E7119 /* S3_List.c */ = {isa = PBXFileReference; lastKnownFileType = sourcecode.c.c; path = S3_List.c; sourceTree = "<group>"; };
/* End PBXFileReference section */

/* Begin PBXFrameworksBuildPhase section */
		49791D621EF4485A00355A29 /* Frameworks */ = {
			isa = PBXFrameworksBuildPhase;
			buildActionMask = 2147483647;
			files = (
			);
			runOnlyForDeploymentPostprocessing = 0;
		};
/* End PBXFrameworksBuildPhase section */

/* Begin PBXGroup section */
		49072BB1200A952600B6EC22 /* S2 再帰と後戻り */ = {
			isa = PBXGroup;
			children = (
				49072BB5200A956D00B6EC22 /* S2_Recursion.h */,
				49072BB6200A956D00B6EC22 /* S2_Recursion.c */,
			);
			path = "S2 再帰と後戻り";
			sourceTree = "<group>";
		};
		490A6DC11EF5B5F00064A1C9 /* Type */ = {
			isa = PBXGroup;
			children = (
				490A6DC21EF5B5F00064A1C9 /* Bool.c */,
				490A6DC31EF5B5F00064A1C9 /* Bool.h */,
				490A6DFD1EF726540064A1C9 /* String.c */,
				490A6DFE1EF726540064A1C9 /* String.h */,
			);
			path = Type;
			sourceTree = "<group>";
		};
		490A6DC81EF5C6660064A1C9 /* Memory */ = {
			isa = PBXGroup;
			children = (
				490A6DC91EF5C6660064A1C9 /* MemorySet.c */,
				490A6DCA1EF5C6660064A1C9 /* MemorySet.h */,
			);
			path = Memory;
			sourceTree = "<group>";
		};
		490A6DCC1EF5CCAB0064A1C9 /* Algorithm */ = {
			isa = PBXGroup;
			children = (
				4936A2A81F0BEA100043EC29 /* Sort */,
				4936A2A11F09CF8E0043EC29 /* Recurse */,
				4940AFCB1F02EA290044BC3E /* Stack_Queue */,
				490A6DCD1EF5CCC50064A1C9 /* Search */,
				490A6DD41EF5EB570064A1C9 /* List */,
				490A6DD81EF6102C0064A1C9 /* Tree */,
				490A6DD11EF5CE990064A1C9 /* AlgorithmSelector.c */,
				490A6DD21EF5CE990064A1C9 /* AlgorithmSelector.h */,
			);
			name = Algorithm;
			path = "Basic Review/Algorithm";
			sourceTree = SOURCE_ROOT;
		};
		490A6DCD1EF5CCC50064A1C9 /* Search */ = {
			isa = PBXGroup;
			children = (
				490A6DF91EF708860064A1C9 /* SampleDataStruct */,
				490A6DCF1EF5CCF10064A1C9 /* Search.h */,
				490A6DCE1EF5CCF10064A1C9 /* Search.c */,
				490A6DF71EF6E0B90064A1C9 /* Hash.h */,
				490A6DF61EF6E0B90064A1C9 /* Hash.c */,
				4940AFC91F02E2400044BC3E /* Hash_OpenAdressing.h */,
				4940AFC81F02E2400044BC3E /* Hash_OpenAdressing.c */,
			);
			name = Search;
			sourceTree = "<group>";
		};
		490A6DD41EF5EB570064A1C9 /* List */ = {
			isa = PBXGroup;
			children = (
				490A6DD61EF5EB820064A1C9 /* List.h */,
				490A6DD51EF5EB820064A1C9 /* List.c */,
			);
			path = List;
			sourceTree = "<group>";
		};
		490A6DD81EF6102C0064A1C9 /* Tree */ = {
			isa = PBXGroup;
			children = (
				490A6DDA1EF610430064A1C9 /* Tree.h */,
				490A6DD91EF610430064A1C9 /* Tree.c */,
			);
			path = Tree;
			sourceTree = "<group>";
		};
		490A6DDD1EF612160064A1C9 /* Contest Template */ = {
			isa = PBXGroup;
			children = (
				4940AFCF1F040A220044BC3E /* IO */,
			);
			path = "Contest Template";
			sourceTree = "<group>";
		};
		490A6DF91EF708860064A1C9 /* SampleDataStruct */ = {
			isa = PBXGroup;
			children = (
				490A6DFB1EF7089B0064A1C9 /* SampleDataStruct.h */,
				490A6DFA1EF7089B0064A1C9 /* SampleDataStruct.c */,
			);
			name = SampleDataStruct;
			path = Search/SampleDataStruct;
			sourceTree = "<group>";
		};
		4936A2A11F09CF8E0043EC29 /* Recurse */ = {
			isa = PBXGroup;
			children = (
				4936A2A21F09CF9A0043EC29 /* Recurse.c */,
				4936A2A31F09CF9A0043EC29 /* Recurse.h */,
			);
			path = Recurse;
			sourceTree = "<group>";
		};
		4936A2A81F0BEA100043EC29 /* Sort */ = {
			isa = PBXGroup;
			children = (
				4936A2A91F0BEA100043EC29 /* Sort.c */,
				4936A2AA1F0BEA100043EC29 /* Sort.h */,
			);
			path = Sort;
			sourceTree = "<group>";
		};
		4940AFCB1F02EA290044BC3E /* Stack_Queue */ = {
			isa = PBXGroup;
			children = (
				4940AFCC1F02EA3B0044BC3E /* Stack.c */,
				4940AFCD1F02EA3B0044BC3E /* Stack.h */,
				4940AFD31F043A310044BC3E /* Queue.c */,
				4940AFD41F043A310044BC3E /* Queue.h */,
			);
			path = Stack_Queue;
			sourceTree = "<group>";
		};
		4940AFCF1F040A220044BC3E /* IO */ = {
			isa = PBXGroup;
			children = (
				4940AFD01F040A220044BC3E /* LoadData.c */,
				4940AFD11F040A220044BC3E /* LoadData.h */,
			);
			path = IO;
			sourceTree = "<group>";
		};
		49791D5C1EF4485A00355A29 = {
			isa = PBXGroup;
			children = (
				49791D681EF4485A00355A29 /* main.c */,
				490A6DDD1EF612160064A1C9 /* Contest Template */,
				49791D671EF4485A00355A29 /* Basic Review */,
				49CCF28F1FF20383005E7119 /* Data struct and Algorithm */,
				49791D661EF4485A00355A29 /* Products */,
				49CA0F241EF44FB1006F0A71 /* Frameworks */,
			);
			sourceTree = "<group>";
		};
		49791D661EF4485A00355A29 /* Products */ = {
			isa = PBXGroup;
			children = (
				49791D651EF4485A00355A29 /* Basic Review */,
			);
			name = Products;
			sourceTree = "<group>";
		};
		49791D671EF4485A00355A29 /* Basic Review */ = {
			isa = PBXGroup;
			children = (
				490A6DCC1EF5CCAB0064A1C9 /* Algorithm */,
				49CA0F291EF524F4006F0A71 /* Session */,
				49791D771EF44CDF00355A29 /* test.c */,
				49791D781EF44CDF00355A29 /* test.h */,
			);
			path = "Basic Review";
			sourceTree = "<group>";
		};
		49CA0F241EF44FB1006F0A71 /* Frameworks */ = {
			isa = PBXGroup;
			children = (
			);
			name = Frameworks;
			sourceTree = "<group>";
		};
		49CA0F291EF524F4006F0A71 /* Session */ = {
			isa = PBXGroup;
			children = (
				490A6DC11EF5B5F00064A1C9 /* Type */,
				490A6DC81EF5C6660064A1C9 /* Memory */,
				49CA0F2B1EF5250F006F0A71 /* Basic.h */,
				49CA0F2A1EF5250F006F0A71 /* Basic.c */,
			);
			name = Session;
			path = session;
			sourceTree = "<group>";
		};
		49CCF28F1FF20383005E7119 /* Data struct and Algorithm */ = {
			isa = PBXGroup;
			children = (
				49CCF2941FF20670005E7119 /* AlgorithmPro.h */,
				49CCF2951FF20670005E7119 /* AlgorithmPro.c */,
				49072BB1200A952600B6EC22 /* S2 再帰と後戻り */,
				49CCF2971FF2145B005E7119 /* S3 連結リスト */,
				49CCF2A21FF21689005E7119 /* S4_スタック */,
				49CCF2AA1FF2168A005E7119 /* S5_キュー */,
				49CCF2A31FF21689005E7119 /* S6_木 */,
				49CCF2AB1FF2168A005E7119 /* S7_優先度付きキューとヒープ */,
				49CCF2A81FF2168A005E7119 /* S8_お互いに素な集合ADT */,
				49CCF29B1FF21689005E7119 /* S9_グラフアルゴリズム */,
				49CCF29E1FF21689005E7119 /* S10_整列 */,
				49CCF29D1FF21689005E7119 /* S11_探索 */,
				49CCF2A41FF2168A005E7119 /* S12_選択アルゴリズム［中央値］ */,
				49CCF2A11FF21689005E7119 /* S13_記号表 */,
				49CCF2A61FF2168A005E7119 /* S14_文字列アルゴリズム */,
				49CCF2A51FF2168A005E7119 /* S16_アルゴリズム設計技法 */,
				49CCF29C1FF21689005E7119 /* S17_貪欲アルゴリズム */,
				49CCF2A01FF21689005E7119 /* S18_分割統治アルゴリズム */,
				49CCF2A91FF2168A005E7119 /* S19_動的プログラミング */,
				49CCF2A71FF2168A005E7119 /* S20_計算量クラス */,
				49CCF29F1FF21689005E7119 /* S21_その他の各種概念 */,
			);
			name = "Data struct and Algorithm";
			path = "/Users/xuweida/Desktop/github/Learning-C/Basic Review/Basic Review/Data struct and Algorithm";
			sourceTree = "<absolute>";
		};
		49CCF2971FF2145B005E7119 /* S3 連結リスト */ = {
			isa = PBXGroup;
			children = (
				49CCF2981FF21474005E7119 /* S3_List.h */,
				49CCF2991FF21474005E7119 /* S3_List.c */,
			);
			path = "S3 連結リスト";
			sourceTree = "<group>";
		};
		49CCF29B1FF21689005E7119 /* S9_グラフアルゴリズム */ = {
			isa = PBXGroup;
			children = (
			);
			path = "S9_グラフアルゴリズム";
			sourceTree = "<group>";
		};
		49CCF29C1FF21689005E7119 /* S17_貪欲アルゴリズム */ = {
			isa = PBXGroup;
			children = (
			);
			path = "S17_貪欲アルゴリズム";
			sourceTree = "<group>";
		};
		49CCF29D1FF21689005E7119 /* S11_探索 */ = {
			isa = PBXGroup;
			children = (
			);
			path = "S11_探索";
			sourceTree = "<group>";
		};
		49CCF29E1FF21689005E7119 /* S10_整列 */ = {
			isa = PBXGroup;
			children = (
			);
			path = "S10_整列";
			sourceTree = "<group>";
		};
		49CCF29F1FF21689005E7119 /* S21_その他の各種概念 */ = {
			isa = PBXGroup;
			children = (
			);
			path = "S21_その他の各種概念";
			sourceTree = "<group>";
		};
		49CCF2A01FF21689005E7119 /* S18_分割統治アルゴリズム */ = {
			isa = PBXGroup;
			children = (
			);
			path = "S18_分割統治アルゴリズム";
			sourceTree = "<group>";
		};
		49CCF2A11FF21689005E7119 /* S13_記号表 */ = {
			isa = PBXGroup;
			children = (
			);
			path = "S13_記号表";
			sourceTree = "<group>";
		};
		49CCF2A21FF21689005E7119 /* S4_スタック */ = {
			isa = PBXGroup;
			children = (
				49072BB8200BDAA500B6EC22 /* S4_Stack.h */,
				49072BB9200BDAA500B6EC22 /* S4_Stack.c */,
			);
			path = "S4_スタック";
			sourceTree = "<group>";
		};
		49CCF2A31FF21689005E7119 /* S6_木 */ = {
			isa = PBXGroup;
			children = (
			);
			path = "S6_木";
			sourceTree = "<group>";
		};
		49CCF2A41FF2168A005E7119 /* S12_選択アルゴリズム［中央値］ */ = {
			isa = PBXGroup;
			children = (
			);
			path = "S12_選択アルゴリズム［中央値］";
			sourceTree = "<group>";
		};
		49CCF2A51FF2168A005E7119 /* S16_アルゴリズム設計技法 */ = {
			isa = PBXGroup;
			children = (
			);
			path = "S16_アルゴリズム設計技法";
			sourceTree = "<group>";
		};
		49CCF2A61FF2168A005E7119 /* S14_文字列アルゴリズム */ = {
			isa = PBXGroup;
			children = (
			);
			path = "S14_文字列アルゴリズム";
			sourceTree = "<group>";
		};
		49CCF2A71FF2168A005E7119 /* S20_計算量クラス */ = {
			isa = PBXGroup;
			children = (
			);
			path = "S20_計算量クラス";
			sourceTree = "<group>";
		};
		49CCF2A81FF2168A005E7119 /* S8_お互いに素な集合ADT */ = {
			isa = PBXGroup;
			children = (
			);
			path = "S8_お互いに素な集合ADT";
			sourceTree = "<group>";
		};
		49CCF2A91FF2168A005E7119 /* S19_動的プログラミング */ = {
			isa = PBXGroup;
			children = (
			);
			path = "S19_動的プログラミング";
			sourceTree = "<group>";
		};
		49CCF2AA1FF2168A005E7119 /* S5_キュー */ = {
			isa = PBXGroup;
			children = (
			);
			path = "S5_キュー";
			sourceTree = "<group>";
		};
		49CCF2AB1FF2168A005E7119 /* S7_優先度付きキューとヒープ */ = {
			isa = PBXGroup;
			children = (
			);
			path = "S7_優先度付きキューとヒープ";
			sourceTree = "<group>";
		};
/* End PBXGroup section */

/* Begin PBXNativeTarget section */
		49791D641EF4485A00355A29 /* Basic Review */ = {
			isa = PBXNativeTarget;
			buildConfigurationList = 49791D6C1EF4485A00355A29 /* Build configuration list for PBXNativeTarget "Basic Review" */;
			buildPhases = (
				49791D611EF4485A00355A29 /* Sources */,
				49791D621EF4485A00355A29 /* Frameworks */,
				49791D631EF4485A00355A29 /* CopyFiles */,
			);
			buildRules = (
			);
			dependencies = (
			);
			name = "Basic Review";
			productName = "Basic Review";
			productReference = 49791D651EF4485A00355A29 /* Basic Review */;
			productType = "com.apple.product-type.tool";
		};
/* End PBXNativeTarget section */

/* Begin PBXProject section */
		49791D5D1EF4485A00355A29 /* Project object */ = {
			isa = PBXProject;
			attributes = {
				LastUpgradeCheck = 0920;
				ORGANIZATIONNAME = "徐伟达";
				TargetAttributes = {
					49791D641EF4485A00355A29 = {
						CreatedOnToolsVersion = 8.3.3;
						DevelopmentTeam = LG37524TU4;
						ProvisioningStyle = Automatic;
					};
				};
			};
			buildConfigurationList = 49791D601EF4485A00355A29 /* Build configuration list for PBXProject "Basic Review" */;
			compatibilityVersion = "Xcode 3.2";
			developmentRegion = English;
			hasScannedForEncodings = 0;
			knownRegions = (
				en,
			);
			mainGroup = 49791D5C1EF4485A00355A29;
			productRefGroup = 49791D661EF4485A00355A29 /* Products */;
			projectDirPath = "";
			projectRoot = "";
			targets = (
				49791D641EF4485A00355A29 /* Basic Review */,
			);
		};
/* End PBXProject section */

/* Begin PBXSourcesBuildPhase section */
		49791D611EF4485A00355A29 /* Sources */ = {
			isa = PBXSourcesBuildPhase;
			buildActionMask = 2147483647;
			files = (
				49CA0F2C1EF5250F006F0A71 /* Basic.c in Sources */,
				4940AFD21F040A220044BC3E /* LoadData.c in Sources */,
				49CCF2961FF20670005E7119 /* AlgorithmPro.c in Sources */,
				4940AFCA1F02E2400044BC3E /* Hash_OpenAdressing.c in Sources */,
				4940AFCE1F02EA3B0044BC3E /* Stack.c in Sources */,
				490A6DD01EF5CCF10064A1C9 /* Search.c in Sources */,
				490A6DFF1EF726540064A1C9 /* String.c in Sources */,
				49072BBA200BDAA500B6EC22 /* S4_Stack.c in Sources */,
				490A6DD31EF5CE990064A1C9 /* AlgorithmSelector.c in Sources */,
				4936A2AB1F0BEA100043EC29 /* Sort.c in Sources */,
				490A6DD71EF5EB820064A1C9 /* List.c in Sources */,
				4936A2A41F09CF9A0043EC29 /* Recurse.c in Sources */,
				49CCF29A1FF21474005E7119 /* S3_List.c in Sources */,
				490A6DDB1EF610430064A1C9 /* Tree.c in Sources */,
				490A6DCB1EF5C6660064A1C9 /* MemorySet.c in Sources */,
				490A6DF81EF6E0B90064A1C9 /* Hash.c in Sources */,
				490A6DFC1EF7089B0064A1C9 /* SampleDataStruct.c in Sources */,
				49791D691EF4485A00355A29 /* main.c in Sources */,
				4940AFD51F043A310044BC3E /* Queue.c in Sources */,
				49791D791EF44CDF00355A29 /* test.c in Sources */,
				490A6DC41EF5B5F00064A1C9 /* Bool.c in Sources */,
				49072BB7200A956D00B6EC22 /* S2_Recursion.c in Sources */,
			);
			runOnlyForDeploymentPostprocessing = 0;
		};
/* End PBXSourcesBuildPhase section */

/* Begin XCBuildConfiguration section */
		49791D6A1EF4485A00355A29 /* Debug */ = {
			isa = XCBuildConfiguration;
			buildSettings = {
				ALWAYS_SEARCH_USER_PATHS = NO;
				CLANG_ANALYZER_NONNULL = YES;
				CLANG_ANALYZER_NUMBER_OBJECT_CONVERSION = YES_AGGRESSIVE;
				CLANG_CXX_LANGUAGE_STANDARD = "gnu++0x";
				CLANG_CXX_LIBRARY = "libc++";
				CLANG_ENABLE_MODULES = YES;
				CLANG_ENABLE_OBJC_ARC = YES;
				CLANG_WARN_BLOCK_CAPTURE_AUTORELEASING = YES;
				CLANG_WARN_BOOL_CONVERSION = YES;
				CLANG_WARN_COMMA = YES;
				CLANG_WARN_CONSTANT_CONVERSION = YES;
				CLANG_WARN_DIRECT_OBJC_ISA_USAGE = YES_ERROR;
				CLANG_WARN_DOCUMENTATION_COMMENTS = YES;
				CLANG_WARN_EMPTY_BODY = YES;
				CLANG_WARN_ENUM_CONVERSION = YES;
				CLANG_WARN_INFINITE_RECURSION = YES;
				CLANG_WARN_INT_CONVERSION = YES;
				CLANG_WARN_NON_LITERAL_NULL_CONVERSION = YES;
				CLANG_WARN_OBJC_LITERAL_CONVERSION = YES;
				CLANG_WARN_OBJC_ROOT_CLASS = YES_ERROR;
				CLANG_WARN_RANGE_LOOP_ANALYSIS = YES;
				CLANG_WARN_STRICT_PROTOTYPES = YES;
				CLANG_WARN_SUSPICIOUS_MOVE = YES;
				CLANG_WARN_UNREACHABLE_CODE = YES;
				CLANG_WARN__DUPLICATE_METHOD_MATCH = YES;
				CODE_SIGN_IDENTITY = "-";
				COPY_PHASE_STRIP = NO;
				DEBUG_INFORMATION_FORMAT = dwarf;
				ENABLE_STRICT_OBJC_MSGSEND = YES;
				ENABLE_TESTABILITY = YES;
				GCC_C_LANGUAGE_STANDARD = gnu99;
				GCC_DYNAMIC_NO_PIC = NO;
				GCC_NO_COMMON_BLOCKS = YES;
				GCC_OPTIMIZATION_LEVEL = 0;
				GCC_PREPROCESSOR_DEFINITIONS = (
					"DEBUG=1",
					"$(inherited)",
				);
				GCC_WARN_64_TO_32_BIT_CONVERSION = YES;
				GCC_WARN_ABOUT_RETURN_TYPE = YES_ERROR;
				GCC_WARN_UNDECLARED_SELECTOR = YES;
				GCC_WARN_UNINITIALIZED_AUTOS = YES_AGGRESSIVE;
				GCC_WARN_UNUSED_FUNCTION = YES;
				GCC_WARN_UNUSED_VARIABLE = YES;
				MACOSX_DEPLOYMENT_TARGET = 10.12;
				MTL_ENABLE_DEBUG_INFO = YES;
				ONLY_ACTIVE_ARCH = YES;
				SDKROOT = macosx;
			};
			name = Debug;
		};
		49791D6B1EF4485A00355A29 /* Release */ = {
			isa = XCBuildConfiguration;
			buildSettings = {
				ALWAYS_SEARCH_USER_PATHS = NO;
				CLANG_ANALYZER_NONNULL = YES;
				CLANG_ANALYZER_NUMBER_OBJECT_CONVERSION = YES_AGGRESSIVE;
				CLANG_CXX_LANGUAGE_STANDARD = "gnu++0x";
				CLANG_CXX_LIBRARY = "libc++";
				CLANG_ENABLE_MODULES = YES;
				CLANG_ENABLE_OBJC_ARC = YES;
				CLANG_WARN_BLOCK_CAPTURE_AUTORELEASING = YES;
				CLANG_WARN_BOOL_CONVERSION = YES;
				CLANG_WARN_COMMA = YES;
				CLANG_WARN_CONSTANT_CONVERSION = YES;
				CLANG_WARN_DIRECT_OBJC_ISA_USAGE = YES_ERROR;
				CLANG_WARN_DOCUMENTATION_COMMENTS = YES;
				CLANG_WARN_EMPTY_BODY = YES;
				CLANG_WARN_ENUM_CONVERSION = YES;
				CLANG_WARN_INFINITE_RECURSION = YES;
				CLANG_WARN_INT_CONVERSION = YES;
				CLANG_WARN_NON_LITERAL_NULL_CONVERSION = YES;
				CLANG_WARN_OBJC_LITERAL_CONVERSION = YES;
				CLANG_WARN_OBJC_ROOT_CLASS = YES_ERROR;
				CLANG_WARN_RANGE_LOOP_ANALYSIS = YES;
				CLANG_WARN_STRICT_PROTOTYPES = YES;
				CLANG_WARN_SUSPICIOUS_MOVE = YES;
				CLANG_WARN_UNREACHABLE_CODE = YES;
				CLANG_WARN__DUPLICATE_METHOD_MATCH = YES;
				CODE_SIGN_IDENTITY = "-";
				COPY_PHASE_STRIP = NO;
				DEBUG_INFORMATION_FORMAT = "dwarf-with-dsym";
				ENABLE_NS_ASSERTIONS = NO;
				ENABLE_STRICT_OBJC_MSGSEND = YES;
				GCC_C_LANGUAGE_STANDARD = gnu99;
				GCC_NO_COMMON_BLOCKS = YES;
				GCC_WARN_64_TO_32_BIT_CONVERSION = YES;
				GCC_WARN_ABOUT_RETURN_TYPE = YES_ERROR;
				GCC_WARN_UNDECLARED_SELECTOR = YES;
				GCC_WARN_UNINITIALIZED_AUTOS = YES_AGGRESSIVE;
				GCC_WARN_UNUSED_FUNCTION = YES;
				GCC_WARN_UNUSED_VARIABLE = YES;
				MACOSX_DEPLOYMENT_TARGET = 10.12;
				MTL_ENABLE_DEBUG_INFO = NO;
				SDKROOT = macosx;
			};
			name = Release;
		};
		49791D6D1EF4485A00355A29 /* Debug */ = {
			isa = XCBuildConfiguration;
			buildSettings = {
				CODE_SIGN_IDENTITY = "Mac Developer";
				DEVELOPMENT_TEAM = LG37524TU4;
				PRODUCT_NAME = "$(TARGET_NAME)";
				PROVISIONING_PROFILE_SPECIFIER = "";
			};
			name = Debug;
		};
		49791D6E1EF4485A00355A29 /* Release */ = {
			isa = XCBuildConfiguration;
			buildSettings = {
				CODE_SIGN_IDENTITY = "Mac Developer";
				DEVELOPMENT_TEAM = LG37524TU4;
				PRODUCT_NAME = "$(TARGET_NAME)";
				PROVISIONING_PROFILE_SPECIFIER = "";
			};
			name = Release;
		};
/* End XCBuildConfiguration section */

/* Begin XCConfigurationList section */
		49791D601EF4485A00355A29 /* Build configuration list for PBXProject "Basic Review" */ = {
			isa = XCConfigurationList;
			buildConfigurations = (
				49791D6A1EF4485A00355A29 /* Debug */,
				49791D6B1EF4485A00355A29 /* Release */,
			);
			defaultConfigurationIsVisible = 0;
			defaultConfigurationName = Release;
		};
		49791D6C1EF4485A00355A29 /* Build configuration list for PBXNativeTarget "Basic Review" */ = {
			isa = XCConfigurationList;
			buildConfigurations = (
				49791D6D1EF4485A00355A29 /* Debug */,
				49791D6E1EF4485A00355A29 /* Release */,
			);
			defaultConfigurationIsVisible = 0;
			defaultConfigurationName = Release;
		};
/* End XCConfigurationList section */
	};
	rootObject = 49791D5D1EF4485A00355A29 /* Project object */;
}
