// !$*UTF8*$!
{
	archiveVersion = 1;
	classes = {
	};
	objectVersion = 46;
	objects = {

/* Begin PBXBuildFile section */
		490A6DC41EF5B5F00064A1C9 /* Bool.c in Sources */ = {isa = PBXBuildFile; fileRef = 490A6DC21EF5B5F00064A1C9 /* Bool.c */; };
		490A6DCB1EF5C6660064A1C9 /* MemorySet.c in Sources */ = {isa = PBXBuildFile; fileRef = 490A6DC91EF5C6660064A1C9 /* MemorySet.c */; };
		490A6DD01EF5CCF10064A1C9 /* Search.c in Sources */ = {isa = PBXBuildFile; fileRef = 490A6DCE1EF5CCF10064A1C9 /* Search.c */; };
		490A6DD31EF5CE990064A1C9 /* AlgorithmSelector.c in Sources */ = {isa = PBXBuildFile; fileRef = 490A6DD11EF5CE990064A1C9 /* AlgorithmSelector.c */; };
		490A6DD71EF5EB820064A1C9 /* List.c in Sources */ = {isa = PBXBuildFile; fileRef = 490A6DD51EF5EB820064A1C9 /* List.c */; };
		49791D691EF4485A00355A29 /* main.c in Sources */ = {isa = PBXBuildFile; fileRef = 49791D681EF4485A00355A29 /* main.c */; };
		49791D791EF44CDF00355A29 /* test.c in Sources */ = {isa = PBXBuildFile; fileRef = 49791D771EF44CDF00355A29 /* test.c */; };
		49CA0F2C1EF5250F006F0A71 /* Basic.c in Sources */ = {isa = PBXBuildFile; fileRef = 49CA0F2A1EF5250F006F0A71 /* Basic.c */; };
/* End PBXBuildFile section */

/* Begin PBXCopyFilesBuildPhase section */
		49791D631EF4485A00355A29 /* CopyFiles */ = {
			isa = PBXCopyFilesBuildPhase;
			buildActionMask = 2147483647;
			dstPath = /usr/share/man/man1/;
			dstSubfolderSpec = 0;
			files = (
			);
			runOnlyForDeploymentPostprocessing = 1;
		};
/* End PBXCopyFilesBuildPhase section */

/* Begin PBXFileReference section */
		490A6DC21EF5B5F00064A1C9 /* Bool.c */ = {isa = PBXFileReference; fileEncoding = 4; lastKnownFileType = sourcecode.c.c; path = Bool.c; sourceTree = "<group>"; };
		490A6DC31EF5B5F00064A1C9 /* Bool.h */ = {isa = PBXFileReference; fileEncoding = 4; lastKnownFileType = sourcecode.c.h; path = Bool.h; sourceTree = "<group>"; };
		490A6DC91EF5C6660064A1C9 /* MemorySet.c */ = {isa = PBXFileReference; fileEncoding = 4; lastKnownFileType = sourcecode.c.c; path = MemorySet.c; sourceTree = "<group>"; };
		490A6DCA1EF5C6660064A1C9 /* MemorySet.h */ = {isa = PBXFileReference; fileEncoding = 4; lastKnownFileType = sourcecode.c.h; path = MemorySet.h; sourceTree = "<group>"; };
		490A6DCE1EF5CCF10064A1C9 /* Search.c */ = {isa = PBXFileReference; fileEncoding = 4; lastKnownFileType = sourcecode.c.c; name = Search.c; path = Search/Search.c; sourceTree = "<group>"; };
		490A6DCF1EF5CCF10064A1C9 /* Search.h */ = {isa = PBXFileReference; fileEncoding = 4; lastKnownFileType = sourcecode.c.h; name = Search.h; path = Search/Search.h; sourceTree = "<group>"; };
		490A6DD11EF5CE990064A1C9 /* AlgorithmSelector.c */ = {isa = PBXFileReference; fileEncoding = 4; lastKnownFileType = sourcecode.c.c; path = AlgorithmSelector.c; sourceTree = "<group>"; };
		490A6DD21EF5CE990064A1C9 /* AlgorithmSelector.h */ = {isa = PBXFileReference; fileEncoding = 4; lastKnownFileType = sourcecode.c.h; path = AlgorithmSelector.h; sourceTree = "<group>"; };
		490A6DD51EF5EB820064A1C9 /* List.c */ = {isa = PBXFileReference; fileEncoding = 4; lastKnownFileType = sourcecode.c.c; path = List.c; sourceTree = "<group>"; };
		490A6DD61EF5EB820064A1C9 /* List.h */ = {isa = PBXFileReference; fileEncoding = 4; lastKnownFileType = sourcecode.c.h; path = List.h; sourceTree = "<group>"; };
		49791D651EF4485A00355A29 /* Basic Review */ = {isa = PBXFileReference; explicitFileType = "compiled.mach-o.executable"; includeInIndex = 0; path = "Basic Review"; sourceTree = BUILT_PRODUCTS_DIR; };
		49791D681EF4485A00355A29 /* main.c */ = {isa = PBXFileReference; lastKnownFileType = sourcecode.c.c; path = main.c; sourceTree = "<group>"; };
		49791D771EF44CDF00355A29 /* test.c */ = {isa = PBXFileReference; fileEncoding = 4; lastKnownFileType = sourcecode.c.c; path = test.c; sourceTree = "<group>"; };
		49791D781EF44CDF00355A29 /* test.h */ = {isa = PBXFileReference; fileEncoding = 4; lastKnownFileType = sourcecode.c.h; path = test.h; sourceTree = "<group>"; };
		49CA0F2A1EF5250F006F0A71 /* Basic.c */ = {isa = PBXFileReference; fileEncoding = 4; lastKnownFileType = sourcecode.c.c; path = Basic.c; sourceTree = "<group>"; };
		49CA0F2B1EF5250F006F0A71 /* Basic.h */ = {isa = PBXFileReference; fileEncoding = 4; lastKnownFileType = sourcecode.c.h; path = Basic.h; sourceTree = "<group>"; };
/* End PBXFileReference section */

/* Begin PBXFrameworksBuildPhase section */
		49791D621EF4485A00355A29 /* Frameworks */ = {
			isa = PBXFrameworksBuildPhase;
			buildActionMask = 2147483647;
			files = (
			);
			runOnlyForDeploymentPostprocessing = 0;
		};
/* End PBXFrameworksBuildPhase section */

/* Begin PBXGroup section */
		490A6DC11EF5B5F00064A1C9 /* Type */ = {
			isa = PBXGroup;
			children = (
				490A6DC21EF5B5F00064A1C9 /* Bool.c */,
				490A6DC31EF5B5F00064A1C9 /* Bool.h */,
			);
			path = Type;
			sourceTree = "<group>";
		};
		490A6DC81EF5C6660064A1C9 /* Memory */ = {
			isa = PBXGroup;
			children = (
				490A6DC91EF5C6660064A1C9 /* MemorySet.c */,
				490A6DCA1EF5C6660064A1C9 /* MemorySet.h */,
			);
			path = Memory;
			sourceTree = "<group>";
		};
		490A6DCC1EF5CCAB0064A1C9 /* Algorithm */ = {
			isa = PBXGroup;
			children = (
				490A6DCD1EF5CCC50064A1C9 /* Search */,
				490A6DD41EF5EB570064A1C9 /* List */,
				490A6DD11EF5CE990064A1C9 /* AlgorithmSelector.c */,
				490A6DD21EF5CE990064A1C9 /* AlgorithmSelector.h */,
			);
			name = Algorithm;
			path = "Basic Review/Algorithm";
			sourceTree = SOURCE_ROOT;
		};
		490A6DCD1EF5CCC50064A1C9 /* Search */ = {
			isa = PBXGroup;
			children = (
				490A6DCF1EF5CCF10064A1C9 /* Search.h */,
				490A6DCE1EF5CCF10064A1C9 /* Search.c */,
			);
			name = Search;
			sourceTree = "<group>";
		};
		490A6DD41EF5EB570064A1C9 /* List */ = {
			isa = PBXGroup;
			children = (
				490A6DD61EF5EB820064A1C9 /* List.h */,
				490A6DD51EF5EB820064A1C9 /* List.c */,
			);
			path = List;
			sourceTree = "<group>";
		};
		49791D5C1EF4485A00355A29 = {
			isa = PBXGroup;
			children = (
				49791D671EF4485A00355A29 /* Basic Review */,
				49791D661EF4485A00355A29 /* Products */,
				49CA0F241EF44FB1006F0A71 /* Frameworks */,
			);
			sourceTree = "<group>";
		};
		49791D661EF4485A00355A29 /* Products */ = {
			isa = PBXGroup;
			children = (
				49791D651EF4485A00355A29 /* Basic Review */,
			);
			name = Products;
			sourceTree = "<group>";
		};
		49791D671EF4485A00355A29 /* Basic Review */ = {
			isa = PBXGroup;
			children = (
				490A6DCC1EF5CCAB0064A1C9 /* Algorithm */,
				49CA0F291EF524F4006F0A71 /* Session */,
				49791D681EF4485A00355A29 /* main.c */,
				49791D771EF44CDF00355A29 /* test.c */,
				49791D781EF44CDF00355A29 /* test.h */,
			);
			path = "Basic Review";
			sourceTree = "<group>";
		};
		49CA0F241EF44FB1006F0A71 /* Frameworks */ = {
			isa = PBXGroup;
			children = (
			);
			name = Frameworks;
			sourceTree = "<group>";
		};
		49CA0F291EF524F4006F0A71 /* Session */ = {
			isa = PBXGroup;
			children = (
				490A6DC11EF5B5F00064A1C9 /* Type */,
				490A6DC81EF5C6660064A1C9 /* Memory */,
				49CA0F2B1EF5250F006F0A71 /* Basic.h */,
				49CA0F2A1EF5250F006F0A71 /* Basic.c */,
			);
			name = Session;
			path = session;
			sourceTree = "<group>";
		};
/* End PBXGroup section */

/* Begin PBXNativeTarget section */
		49791D641EF4485A00355A29 /* Basic Review */ = {
			isa = PBXNativeTarget;
			buildConfigurationList = 49791D6C1EF4485A00355A29 /* Build configuration list for PBXNativeTarget "Basic Review" */;
			buildPhases = (
				49791D611EF4485A00355A29 /* Sources */,
				49791D621EF4485A00355A29 /* Frameworks */,
				49791D631EF4485A00355A29 /* CopyFiles */,
			);
			buildRules = (
			);
			dependencies = (
			);
			name = "Basic Review";
			productName = "Basic Review";
			productReference = 49791D651EF4485A00355A29 /* Basic Review */;
			productType = "com.apple.product-type.tool";
		};
/* End PBXNativeTarget section */

/* Begin PBXProject section */
		49791D5D1EF4485A00355A29 /* Project object */ = {
			isa = PBXProject;
			attributes = {
				LastUpgradeCheck = 0830;
				ORGANIZATIONNAME = "徐伟达";
				TargetAttributes = {
					49791D641EF4485A00355A29 = {
						CreatedOnToolsVersion = 8.3.3;
						DevelopmentTeam = LG37524TU4;
						ProvisioningStyle = Automatic;
					};
				};
			};
			buildConfigurationList = 49791D601EF4485A00355A29 /* Build configuration list for PBXProject "Basic Review" */;
			compatibilityVersion = "Xcode 3.2";
			developmentRegion = English;
			hasScannedForEncodings = 0;
			knownRegions = (
				en,
			);
			mainGroup = 49791D5C1EF4485A00355A29;
			productRefGroup = 49791D661EF4485A00355A29 /* Products */;
			projectDirPath = "";
			projectRoot = "";
			targets = (
				49791D641EF4485A00355A29 /* Basic Review */,
			);
		};
/* End PBXProject section */

/* Begin PBXSourcesBuildPhase section */
		49791D611EF4485A00355A29 /* Sources */ = {
			isa = PBXSourcesBuildPhase;
			buildActionMask = 2147483647;
			files = (
				49CA0F2C1EF5250F006F0A71 /* Basic.c in Sources */,
				490A6DD01EF5CCF10064A1C9 /* Search.c in Sources */,
				490A6DD31EF5CE990064A1C9 /* AlgorithmSelector.c in Sources */,
				490A6DD71EF5EB820064A1C9 /* List.c in Sources */,
				490A6DCB1EF5C6660064A1C9 /* MemorySet.c in Sources */,
				49791D691EF4485A00355A29 /* main.c in Sources */,
				49791D791EF44CDF00355A29 /* test.c in Sources */,
				490A6DC41EF5B5F00064A1C9 /* Bool.c in Sources */,
			);
			runOnlyForDeploymentPostprocessing = 0;
		};
/* End PBXSourcesBuildPhase section */

/* Begin XCBuildConfiguration section */
		49791D6A1EF4485A00355A29 /* Debug */ = {
			isa = XCBuildConfiguration;
			buildSettings = {
				ALWAYS_SEARCH_USER_PATHS = NO;
				CLANG_ANALYZER_NONNULL = YES;
				CLANG_ANALYZER_NUMBER_OBJECT_CONVERSION = YES_AGGRESSIVE;
				CLANG_CXX_LANGUAGE_STANDARD = "gnu++0x";
				CLANG_CXX_LIBRARY = "libc++";
				CLANG_ENABLE_MODULES = YES;
				CLANG_ENABLE_OBJC_ARC = YES;
				CLANG_WARN_BOOL_CONVERSION = YES;
				CLANG_WARN_CONSTANT_CONVERSION = YES;
				CLANG_WARN_DIRECT_OBJC_ISA_USAGE = YES_ERROR;
				CLANG_WARN_DOCUMENTATION_COMMENTS = YES;
				CLANG_WARN_EMPTY_BODY = YES;
				CLANG_WARN_ENUM_CONVERSION = YES;
				CLANG_WARN_INFINITE_RECURSION = YES;
				CLANG_WARN_INT_CONVERSION = YES;
				CLANG_WARN_OBJC_ROOT_CLASS = YES_ERROR;
				CLANG_WARN_SUSPICIOUS_MOVE = YES;
				CLANG_WARN_UNREACHABLE_CODE = YES;
				CLANG_WARN__DUPLICATE_METHOD_MATCH = YES;
				CODE_SIGN_IDENTITY = "-";
				COPY_PHASE_STRIP = NO;
				DEBUG_INFORMATION_FORMAT = dwarf;
				ENABLE_STRICT_OBJC_MSGSEND = YES;
				ENABLE_TESTABILITY = YES;
				GCC_C_LANGUAGE_STANDARD = gnu99;
				GCC_DYNAMIC_NO_PIC = NO;
				GCC_NO_COMMON_BLOCKS = YES;
				GCC_OPTIMIZATION_LEVEL = 0;
				GCC_PREPROCESSOR_DEFINITIONS = (
					"DEBUG=1",
					"$(inherited)",
				);
				GCC_WARN_64_TO_32_BIT_CONVERSION = YES;
				GCC_WARN_ABOUT_RETURN_TYPE = YES_ERROR;
				GCC_WARN_UNDECLARED_SELECTOR = YES;
				GCC_WARN_UNINITIALIZED_AUTOS = YES_AGGRESSIVE;
				GCC_WARN_UNUSED_FUNCTION = YES;
				GCC_WARN_UNUSED_VARIABLE = YES;
				MACOSX_DEPLOYMENT_TARGET = 10.12;
				MTL_ENABLE_DEBUG_INFO = YES;
				ONLY_ACTIVE_ARCH = YES;
				SDKROOT = macosx;
			};
			name = Debug;
		};
		49791D6B1EF4485A00355A29 /* Release */ = {
			isa = XCBuildConfiguration;
			buildSettings = {
				ALWAYS_SEARCH_USER_PATHS = NO;
				CLANG_ANALYZER_NONNULL = YES;
				CLANG_ANALYZER_NUMBER_OBJECT_CONVERSION = YES_AGGRESSIVE;
				CLANG_CXX_LANGUAGE_STANDARD = "gnu++0x";
				CLANG_CXX_LIBRARY = "libc++";
				CLANG_ENABLE_MODULES = YES;
				CLANG_ENABLE_OBJC_ARC = YES;
				CLANG_WARN_BOOL_CONVERSION = YES;
				CLANG_WARN_CONSTANT_CONVERSION = YES;
				CLANG_WARN_DIRECT_OBJC_ISA_USAGE = YES_ERROR;
				CLANG_WARN_DOCUMENTATION_COMMENTS = YES;
				CLANG_WARN_EMPTY_BODY = YES;
				CLANG_WARN_ENUM_CONVERSION = YES;
				CLANG_WARN_INFINITE_RECURSION = YES;
				CLANG_WARN_INT_CONVERSION = YES;
				CLANG_WARN_OBJC_ROOT_CLASS = YES_ERROR;
				CLANG_WARN_SUSPICIOUS_MOVE = YES;
				CLANG_WARN_UNREACHABLE_CODE = YES;
				CLANG_WARN__DUPLICATE_METHOD_MATCH = YES;
				CODE_SIGN_IDENTITY = "-";
				COPY_PHASE_STRIP = NO;
				DEBUG_INFORMATION_FORMAT = "dwarf-with-dsym";
				ENABLE_NS_ASSERTIONS = NO;
				ENABLE_STRICT_OBJC_MSGSEND = YES;
				GCC_C_LANGUAGE_STANDARD = gnu99;
				GCC_NO_COMMON_BLOCKS = YES;
				GCC_WARN_64_TO_32_BIT_CONVERSION = YES;
				GCC_WARN_ABOUT_RETURN_TYPE = YES_ERROR;
				GCC_WARN_UNDECLARED_SELECTOR = YES;
				GCC_WARN_UNINITIALIZED_AUTOS = YES_AGGRESSIVE;
				GCC_WARN_UNUSED_FUNCTION = YES;
				GCC_WARN_UNUSED_VARIABLE = YES;
				MACOSX_DEPLOYMENT_TARGET = 10.12;
				MTL_ENABLE_DEBUG_INFO = NO;
				SDKROOT = macosx;
			};
			name = Release;
		};
		49791D6D1EF4485A00355A29 /* Debug */ = {
			isa = XCBuildConfiguration;
			buildSettings = {
				CODE_SIGN_IDENTITY = "Mac Developer";
				DEVELOPMENT_TEAM = LG37524TU4;
				PRODUCT_NAME = "$(TARGET_NAME)";
				PROVISIONING_PROFILE_SPECIFIER = "";
			};
			name = Debug;
		};
		49791D6E1EF4485A00355A29 /* Release */ = {
			isa = XCBuildConfiguration;
			buildSettings = {
				CODE_SIGN_IDENTITY = "Mac Developer";
				DEVELOPMENT_TEAM = LG37524TU4;
				PRODUCT_NAME = "$(TARGET_NAME)";
				PROVISIONING_PROFILE_SPECIFIER = "";
			};
			name = Release;
		};
/* End XCBuildConfiguration section */

/* Begin XCConfigurationList section */
		49791D601EF4485A00355A29 /* Build configuration list for PBXProject "Basic Review" */ = {
			isa = XCConfigurationList;
			buildConfigurations = (
				49791D6A1EF4485A00355A29 /* Debug */,
				49791D6B1EF4485A00355A29 /* Release */,
			);
			defaultConfigurationIsVisible = 0;
			defaultConfigurationName = Release;
		};
		49791D6C1EF4485A00355A29 /* Build configuration list for PBXNativeTarget "Basic Review" */ = {
			isa = XCConfigurationList;
			buildConfigurations = (
				49791D6D1EF4485A00355A29 /* Debug */,
				49791D6E1EF4485A00355A29 /* Release */,
			);
			defaultConfigurationIsVisible = 0;
			defaultConfigurationName = Release;
		};
/* End XCConfigurationList section */
	};
	rootObject = 49791D5D1EF4485A00355A29 /* Project object */;
}
